
Microsoft Visual Studio Solution File, Format Version 12.00
# Visual Studio Version 17
VisualStudioVersion = 17.5.33516.290
MinimumVisualStudioVersion = 10.0.40219.1
Project("{FAE04EC0-301F-11D3-BF4B-00C04F79EFBC}") = "Formularz", "Formularz\Formularz.csproj", "{EA2EC0D2-32AF-4893-B667-8C5EDD7EB72A}"
EndProject
Global
	GlobalSection(SolutionConfigurationPlatforms) = preSolution
		Debug|Any CPU = Debug|Any CPU
		Release|Any CPU = Release|Any CPU
	EndGlobalSection
	GlobalSection(ProjectConfigurationPlatforms) = postSolution
		{EA2EC0D2-32AF-4893-B667-8C5EDD7EB72A}.Debug|Any CPU.ActiveCfg = Debug|Any CPU
		{EA2EC0D2-32AF-4893-B667-8C5EDD7EB72A}.Debug|Any CPU.Build.0 = Debug|Any CPU
		{EA2EC0D2-32AF-4893-B667-8C5EDD7EB72A}.Release|Any CPU.ActiveCfg = Release|Any CPU
		{EA2EC0D2-32AF-4893-B667-8C5EDD7EB72A}.Release|Any CPU.Build.0 = Release|Any CPU
	EndGlobalSection
	GlobalSection(SolutionProperties) = preSolution
		HideSolutionNode = FALSE
	EndGlobalSection
	GlobalSection(ExtensibilityGlobals) = postSolution
		SolutionGuid = {C3CC7072-58D1-4296-8174-F79BAAE1BCD5}
	EndGlobalSection
EndGlobal
